// !$*UTF8*$!
{
	archiveVersion = 1;
	classes = {
	};
	objectVersion = 50;
	objects = {

/* Begin PBXBuildFile section */
		EF941C162332EBF400B04EDD /* AppDelegate.swift in Sources */ = {isa = PBXBuildFile; fileRef = EF941C152332EBF400B04EDD /* AppDelegate.swift */; };
		EF941C1B2332EBF400B04EDD /* Main.storyboard in Resources */ = {isa = PBXBuildFile; fileRef = EF941C192332EBF400B04EDD /* Main.storyboard */; };
		EF941C1D2332EBF500B04EDD /* Assets.xcassets in Resources */ = {isa = PBXBuildFile; fileRef = EF941C1C2332EBF500B04EDD /* Assets.xcassets */; };
		EF941C202332EBF500B04EDD /* LaunchScreen.storyboard in Resources */ = {isa = PBXBuildFile; fileRef = EF941C1E2332EBF500B04EDD /* LaunchScreen.storyboard */; };
		EF941C2B2332FEF200B04EDD /* EntriesTableViewController.swift in Sources */ = {isa = PBXBuildFile; fileRef = EF941C2A2332FEF200B04EDD /* EntriesTableViewController.swift */; };
		EF941C2E2332FFA000B04EDD /* EntryTableViewCell.swift in Sources */ = {isa = PBXBuildFile; fileRef = EF941C2D2332FFA000B04EDD /* EntryTableViewCell.swift */; };
		EF941C302333050700B04EDD /* EntryDetailViewController.swift in Sources */ = {isa = PBXBuildFile; fileRef = EF941C2F2333050700B04EDD /* EntryDetailViewController.swift */; };
/* End PBXBuildFile section */

/* Begin PBXFileReference section */
		EF941C122332EBF400B04EDD /* Journal.app */ = {isa = PBXFileReference; explicitFileType = wrapper.application; includeInIndex = 0; path = Journal.app; sourceTree = BUILT_PRODUCTS_DIR; };
		EF941C152332EBF400B04EDD /* AppDelegate.swift */ = {isa = PBXFileReference; lastKnownFileType = sourcecode.swift; path = AppDelegate.swift; sourceTree = "<group>"; };
		EF941C1A2332EBF400B04EDD /* Base */ = {isa = PBXFileReference; lastKnownFileType = file.storyboard; name = Base; path = Base.lproj/Main.storyboard; sourceTree = "<group>"; };
		EF941C1C2332EBF500B04EDD /* Assets.xcassets */ = {isa = PBXFileReference; lastKnownFileType = folder.assetcatalog; path = Assets.xcassets; sourceTree = "<group>"; };
		EF941C1F2332EBF500B04EDD /* Base */ = {isa = PBXFileReference; lastKnownFileType = file.storyboard; name = Base; path = Base.lproj/LaunchScreen.storyboard; sourceTree = "<group>"; };
		EF941C212332EBF500B04EDD /* Info.plist */ = {isa = PBXFileReference; lastKnownFileType = text.plist.xml; path = Info.plist; sourceTree = "<group>"; };
		EF941C2A2332FEF200B04EDD /* EntriesTableViewController.swift */ = {isa = PBXFileReference; lastKnownFileType = sourcecode.swift; path = EntriesTableViewController.swift; sourceTree = "<group>"; };
		EF941C2D2332FFA000B04EDD /* EntryTableViewCell.swift */ = {isa = PBXFileReference; lastKnownFileType = sourcecode.swift; path = EntryTableViewCell.swift; sourceTree = "<group>"; };
		EF941C2F2333050700B04EDD /* EntryDetailViewController.swift */ = {isa = PBXFileReference; lastKnownFileType = sourcecode.swift; path = EntryDetailViewController.swift; sourceTree = "<group>"; };
/* End PBXFileReference section */

/* Begin PBXFrameworksBuildPhase section */
		EF941C0F2332EBF400B04EDD /* Frameworks */ = {
			isa = PBXFrameworksBuildPhase;
			buildActionMask = 2147483647;
			files = (
			);
			runOnlyForDeploymentPostprocessing = 0;
		};
/* End PBXFrameworksBuildPhase section */

/* Begin PBXGroup section */
		EF941C092332EBF400B04EDD = {
			isa = PBXGroup;
			children = (
				EF941C142332EBF400B04EDD /* Journal */,
				EF941C132332EBF400B04EDD /* Products */,
			);
			sourceTree = "<group>";
		};
		EF941C132332EBF400B04EDD /* Products */ = {
			isa = PBXGroup;
			children = (
				EF941C122332EBF400B04EDD /* Journal.app */,
			);
			name = Products;
			sourceTree = "<group>";
		};
		EF941C142332EBF400B04EDD /* Journal */ = {
			isa = PBXGroup;
			children = (
				EF941C292332FECB00B04EDD /* View Controllers */,
				EF941C2C2332FF8500B04EDD /* Views */,
				EF941C272332EC9200B04EDD /* Storyboards */,
				EF941C282332EC9D00B04EDD /* Resources */,
			);
			path = Journal;
			sourceTree = "<group>";
		};
		EF941C272332EC9200B04EDD /* Storyboards */ = {
			isa = PBXGroup;
			children = (
				EF941C192332EBF400B04EDD /* Main.storyboard */,
				EF941C1E2332EBF500B04EDD /* LaunchScreen.storyboard */,
			);
			path = Storyboards;
			sourceTree = "<group>";
		};
		EF941C282332EC9D00B04EDD /* Resources */ = {
			isa = PBXGroup;
			children = (
				EF941C152332EBF400B04EDD /* AppDelegate.swift */,
				EF941C1C2332EBF500B04EDD /* Assets.xcassets */,
				EF941C212332EBF500B04EDD /* Info.plist */,
			);
			path = Resources;
			sourceTree = "<group>";
		};
		EF941C292332FECB00B04EDD /* View Controllers */ = {
			isa = PBXGroup;
			children = (
				EF941C2A2332FEF200B04EDD /* EntriesTableViewController.swift */,
			);
			path = "View Controllers";
			sourceTree = "<group>";
		};
		EF941C2C2332FF8500B04EDD /* Views */ = {
			isa = PBXGroup;
			children = (
				EF941C2D2332FFA000B04EDD /* EntryTableViewCell.swift */,
				EF941C2F2333050700B04EDD /* EntryDetailViewController.swift */,
			);
			path = Views;
			sourceTree = "<group>";
		};
/* End PBXGroup section */

/* Begin PBXNativeTarget section */
		EF941C112332EBF400B04EDD /* Journal */ = {
			isa = PBXNativeTarget;
			buildConfigurationList = EF941C242332EBF500B04EDD /* Build configuration list for PBXNativeTarget "Journal" */;
			buildPhases = (
				EF941C0E2332EBF400B04EDD /* Sources */,
				EF941C0F2332EBF400B04EDD /* Frameworks */,
				EF941C102332EBF400B04EDD /* Resources */,
			);
			buildRules = (
			);
			dependencies = (
			);
			name = Journal;
			productName = Journal;
			productReference = EF941C122332EBF400B04EDD /* Journal.app */;
			productType = "com.apple.product-type.application";
		};
/* End PBXNativeTarget section */

/* Begin PBXProject section */
		EF941C0A2332EBF400B04EDD /* Project object */ = {
			isa = PBXProject;
			attributes = {
				LastSwiftUpdateCheck = 1030;
				LastUpgradeCheck = 1030;
				ORGANIZATIONNAME = "Hayden Hastings";
				TargetAttributes = {
					EF941C112332EBF400B04EDD = {
						CreatedOnToolsVersion = 10.3;
					};
				};
			};
			buildConfigurationList = EF941C0D2332EBF400B04EDD /* Build configuration list for PBXProject "Journal" */;
			compatibilityVersion = "Xcode 9.3";
			developmentRegion = en;
			hasScannedForEncodings = 0;
			knownRegions = (
				en,
				Base,
			);
			mainGroup = EF941C092332EBF400B04EDD;
			productRefGroup = EF941C132332EBF400B04EDD /* Products */;
			projectDirPath = "";
			projectRoot = "";
			targets = (
				EF941C112332EBF400B04EDD /* Journal */,
			);
		};
/* End PBXProject section */

/* Begin PBXResourcesBuildPhase section */
		EF941C102332EBF400B04EDD /* Resources */ = {
			isa = PBXResourcesBuildPhase;
			buildActionMask = 2147483647;
			files = (
				EF941C202332EBF500B04EDD /* LaunchScreen.storyboard in Resources */,
				EF941C1D2332EBF500B04EDD /* Assets.xcassets in Resources */,
				EF941C1B2332EBF400B04EDD /* Main.storyboard in Resources */,
			);
			runOnlyForDeploymentPostprocessing = 0;
		};
/* End PBXResourcesBuildPhase section */

/* Begin PBXSourcesBuildPhase section */
		EF941C0E2332EBF400B04EDD /* Sources */ = {
			isa = PBXSourcesBuildPhase;
			buildActionMask = 2147483647;
			files = (
				EF941C2E2332FFA000B04EDD /* EntryTableViewCell.swift in Sources */,
				EF941C2B2332FEF200B04EDD /* EntriesTableViewController.swift in Sources */,
				EF941C302333050700B04EDD /* EntryDetailViewController.swift in Sources */,
				EF941C162332EBF400B04EDD /* AppDelegate.swift in Sources */,
			);
			runOnlyForDeploymentPostprocessing = 0;
		};
/* End PBXSourcesBuildPhase section */

/* Begin PBXVariantGroup section */
		EF941C192332EBF400B04EDD /* Main.storyboard */ = {
			isa = PBXVariantGroup;
			children = (
				EF941C1A2332EBF400B04EDD /* Base */,
			);
			name = Main.storyboard;
			sourceTree = "<group>";
		};
		EF941C1E2332EBF500B04EDD /* LaunchScreen.storyboard */ = {
			isa = PBXVariantGroup;
			children = (
				EF941C1F2332EBF500B04EDD /* Base */,
			);
			name = LaunchScreen.storyboard;
			sourceTree = "<group>";
		};
/* End PBXVariantGroup section */

/* Begin XCBuildConfiguration section */
		EF941C222332EBF500B04EDD /* Debug */ = {
			isa = XCBuildConfiguration;
			buildSettings = {
				ALWAYS_SEARCH_USER_PATHS = NO;
				CLANG_ANALYZER_NONNULL = YES;
				CLANG_ANALYZER_NUMBER_OBJECT_CONVERSION = YES_AGGRESSIVE;
				CLANG_CXX_LANGUAGE_STANDARD = "gnu++14";
				CLANG_CXX_LIBRARY = "libc++";
				CLANG_ENABLE_MODULES = YES;
				CLANG_ENABLE_OBJC_ARC = YES;
				CLANG_ENABLE_OBJC_WEAK = YES;
				CLANG_WARN_BLOCK_CAPTURE_AUTORELEASING = YES;
				CLANG_WARN_BOOL_CONVERSION = YES;
				CLANG_WARN_COMMA = YES;
				CLANG_WARN_CONSTANT_CONVERSION = YES;
				CLANG_WARN_DEPRECATED_OBJC_IMPLEMENTATIONS = YES;
				CLANG_WARN_DIRECT_OBJC_ISA_USAGE = YES_ERROR;
				CLANG_WARN_DOCUMENTATION_COMMENTS = YES;
				CLANG_WARN_EMPTY_BODY = YES;
				CLANG_WARN_ENUM_CONVERSION = YES;
				CLANG_WARN_INFINITE_RECURSION = YES;
				CLANG_WARN_INT_CONVERSION = YES;
				CLANG_WARN_NON_LITERAL_NULL_CONVERSION = YES;
				CLANG_WARN_OBJC_IMPLICIT_RETAIN_SELF = YES;
				CLANG_WARN_OBJC_LITERAL_CONVERSION = YES;
				CLANG_WARN_OBJC_ROOT_CLASS = YES_ERROR;
				CLANG_WARN_RANGE_LOOP_ANALYSIS = YES;
				CLANG_WARN_STRICT_PROTOTYPES = YES;
				CLANG_WARN_SUSPICIOUS_MOVE = YES;
				CLANG_WARN_UNGUARDED_AVAILABILITY = YES_AGGRESSIVE;
				CLANG_WARN_UNREACHABLE_CODE = YES;
				CLANG_WARN__DUPLICATE_METHOD_MATCH = YES;
				CODE_SIGN_IDENTITY = "iPhone Developer";
				COPY_PHASE_STRIP = NO;
				DEBUG_INFORMATION_FORMAT = dwarf;
				ENABLE_STRICT_OBJC_MSGSEND = YES;
				ENABLE_TESTABILITY = YES;
				GCC_C_LANGUAGE_STANDARD = gnu11;
				GCC_DYNAMIC_NO_PIC = NO;
				GCC_NO_COMMON_BLOCKS = YES;
				GCC_OPTIMIZATION_LEVEL = 0;
				GCC_PREPROCESSOR_DEFINITIONS = (
					"DEBUG=1",
					"$(inherited)",
				);
				GCC_WARN_64_TO_32_BIT_CONVERSION = YES;
				GCC_WARN_ABOUT_RETURN_TYPE = YES_ERROR;
				GCC_WARN_UNDECLARED_SELECTOR = YES;
				GCC_WARN_UNINITIALIZED_AUTOS = YES_AGGRESSIVE;
				GCC_WARN_UNUSED_FUNCTION = YES;
				GCC_WARN_UNUSED_VARIABLE = YES;
				IPHONEOS_DEPLOYMENT_TARGET = 12.4;
				MTL_ENABLE_DEBUG_INFO = INCLUDE_SOURCE;
				MTL_FAST_MATH = YES;
				ONLY_ACTIVE_ARCH = YES;
				SDKROOT = iphoneos;
				SWIFT_ACTIVE_COMPILATION_CONDITIONS = DEBUG;
				SWIFT_OPTIMIZATION_LEVEL = "-Onone";
			};
			name = Debug;
		};
		EF941C232332EBF500B04EDD /* Release */ = {
			isa = XCBuildConfiguration;
			buildSettings = {
				ALWAYS_SEARCH_USER_PATHS = NO;
				CLANG_ANALYZER_NONNULL = YES;
				CLANG_ANALYZER_NUMBER_OBJECT_CONVERSION = YES_AGGRESSIVE;
				CLANG_CXX_LANGUAGE_STANDARD = "gnu++14";
				CLANG_CXX_LIBRARY = "libc++";
				CLANG_ENABLE_MODULES = YES;
				CLANG_ENABLE_OBJC_ARC = YES;
				CLANG_ENABLE_OBJC_WEAK = YES;
				CLANG_WARN_BLOCK_CAPTURE_AUTORELEASING = YES;
				CLANG_WARN_BOOL_CONVERSION = YES;
				CLANG_WARN_COMMA = YES;
				CLANG_WARN_CONSTANT_CONVERSION = YES;
				CLANG_WARN_DEPRECATED_OBJC_IMPLEMENTATIONS = YES;
				CLANG_WARN_DIRECT_OBJC_ISA_USAGE = YES_ERROR;
				CLANG_WARN_DOCUMENTATION_COMMENTS = YES;
				CLANG_WARN_EMPTY_BODY = YES;
				CLANG_WARN_ENUM_CONVERSION = YES;
				CLANG_WARN_INFINITE_RECURSION = YES;
				CLANG_WARN_INT_CONVERSION = YES;
				CLANG_WARN_NON_LITERAL_NULL_CONVERSION = YES;
				CLANG_WARN_OBJC_IMPLICIT_RETAIN_SELF = YES;
				CLANG_WARN_OBJC_LITERAL_CONVERSION = YES;
				CLANG_WARN_OBJC_ROOT_CLASS = YES_ERROR;
				CLANG_WARN_RANGE_LOOP_ANALYSIS = YES;
				CLANG_WARN_STRICT_PROTOTYPES = YES;
				CLANG_WARN_SUSPICIOUS_MOVE = YES;
				CLANG_WARN_UNGUARDED_AVAILABILITY = YES_AGGRESSIVE;
				CLANG_WARN_UNREACHABLE_CODE = YES;
				CLANG_WARN__DUPLICATE_METHOD_MATCH = YES;
				CODE_SIGN_IDENTITY = "iPhone Developer";
				COPY_PHASE_STRIP = NO;
				DEBUG_INFORMATION_FORMAT = "dwarf-with-dsym";
				ENABLE_NS_ASSERTIONS = NO;
				ENABLE_STRICT_OBJC_MSGSEND = YES;
				GCC_C_LANGUAGE_STANDARD = gnu11;
				GCC_NO_COMMON_BLOCKS = YES;
				GCC_WARN_64_TO_32_BIT_CONVERSION = YES;
				GCC_WARN_ABOUT_RETURN_TYPE = YES_ERROR;
				GCC_WARN_UNDECLARED_SELECTOR = YES;
				GCC_WARN_UNINITIALIZED_AUTOS = YES_AGGRESSIVE;
				GCC_WARN_UNUSED_FUNCTION = YES;
				GCC_WARN_UNUSED_VARIABLE = YES;
				IPHONEOS_DEPLOYMENT_TARGET = 12.4;
				MTL_ENABLE_DEBUG_INFO = NO;
				MTL_FAST_MATH = YES;
				SDKROOT = iphoneos;
				SWIFT_COMPILATION_MODE = wholemodule;
				SWIFT_OPTIMIZATION_LEVEL = "-O";
				VALIDATE_PRODUCT = YES;
			};
			name = Release;
		};
		EF941C252332EBF500B04EDD /* Debug */ = {
			isa = XCBuildConfiguration;
			buildSettings = {
				ASSETCATALOG_COMPILER_APPICON_NAME = AppIcon;
				CODE_SIGN_STYLE = Automatic;
				DEVELOPMENT_TEAM = 7V775U4648;
				INFOPLIST_FILE = "$(SRCROOT)/Journal/Resources/Info.plist";
				LD_RUNPATH_SEARCH_PATHS = (
					"$(inherited)",
					"@executable_path/Frameworks",
				);
				PRODUCT_BUNDLE_IDENTIFIER = com.haydenhastings.Journal;
				PRODUCT_NAME = "$(TARGET_NAME)";
				SWIFT_VERSION = 5.0;
				TARGETED_DEVICE_FAMILY = "1,2";
			};
			name = Debug;
		};
		EF941C262332EBF500B04EDD /* Release */ = {
			isa = XCBuildConfiguration;
			buildSettings = {
				ASSETCATALOG_COMPILER_APPICON_NAME = AppIcon;
				CODE_SIGN_STYLE = Automatic;
				DEVELOPMENT_TEAM = 7V775U4648;
				INFOPLIST_FILE = "$(SRCROOT)/Journal/Resources/Info.plist";
				LD_RUNPATH_SEARCH_PATHS = (
					"$(inherited)",
					"@executable_path/Frameworks",
				);
				PRODUCT_BUNDLE_IDENTIFIER = com.haydenhastings.Journal;
				PRODUCT_NAME = "$(TARGET_NAME)";
				SWIFT_VERSION = 5.0;
				TARGETED_DEVICE_FAMILY = "1,2";
			};
			name = Release;
		};
/* End XCBuildConfiguration section */

/* Begin XCConfigurationList section */
		EF941C0D2332EBF400B04EDD /* Build configuration list for PBXProject "Journal" */ = {
			isa = XCConfigurationList;
			buildConfigurations = (
				EF941C222332EBF500B04EDD /* Debug */,
				EF941C232332EBF500B04EDD /* Release */,
			);
			defaultConfigurationIsVisible = 0;
			defaultConfigurationName = Release;
		};
		EF941C242332EBF500B04EDD /* Build configuration list for PBXNativeTarget "Journal" */ = {
			isa = XCConfigurationList;
			buildConfigurations = (
				EF941C252332EBF500B04EDD /* Debug */,
				EF941C262332EBF500B04EDD /* Release */,
			);
			defaultConfigurationIsVisible = 0;
			defaultConfigurationName = Release;
		};
/* End XCConfigurationList section */
	};
	rootObject = EF941C0A2332EBF400B04EDD /* Project object */;
}
